
Microsoft Visual Studio Solution File, Format Version 12.00
# Visual Studio Version 17
VisualStudioVersion = 17.2.32630.192
MinimumVisualStudioVersion = 10.0.40219.1
Project("{2150E333-8FDC-42A3-9474-1A3956D46DE8}") = "FrontEnd", "FrontEnd", "{471AC1F7-44D6-4529-9E60-D1C431B95F3D}"
EndProject
Project("{2150E333-8FDC-42A3-9474-1A3956D46DE8}") = "Services", "Services", "{577E6D83-AF92-46F7-A50E-D93A38D93249}"
EndProject
Project("{9A19103F-16F7-4668-BE54-9A1E7A4F7556}") = "GeekShopping.ProductAPI", "GeekShopping.ProductAPI\GeekShopping.ProductAPI.csproj", "{95D2B534-35B5-423D-90B2-3B1549F38EA8}"
EndProject
Project("{FAE04EC0-301F-11D3-BF4B-00C04F79EFBC}") = "GeekShopping.Web", "GeekShopping.Web\GeekShopping.Web.csproj", "{96ED31A9-CF5B-4291-A8BF-AADFCA1BF085}"
EndProject
Global
	GlobalSection(SolutionConfigurationPlatforms) = preSolution
		Debug|Any CPU = Debug|Any CPU
		Release|Any CPU = Release|Any CPU
	EndGlobalSection
	GlobalSection(ProjectConfigurationPlatforms) = postSolution
		{95D2B534-35B5-423D-90B2-3B1549F38EA8}.Debug|Any CPU.ActiveCfg = Debug|Any CPU
		{95D2B534-35B5-423D-90B2-3B1549F38EA8}.Debug|Any CPU.Build.0 = Debug|Any CPU
		{95D2B534-35B5-423D-90B2-3B1549F38EA8}.Release|Any CPU.ActiveCfg = Release|Any CPU
		{95D2B534-35B5-423D-90B2-3B1549F38EA8}.Release|Any CPU.Build.0 = Release|Any CPU
		{96ED31A9-CF5B-4291-A8BF-AADFCA1BF085}.Debug|Any CPU.ActiveCfg = Debug|Any CPU
		{96ED31A9-CF5B-4291-A8BF-AADFCA1BF085}.Debug|Any CPU.Build.0 = Debug|Any CPU
		{96ED31A9-CF5B-4291-A8BF-AADFCA1BF085}.Release|Any CPU.ActiveCfg = Release|Any CPU
		{96ED31A9-CF5B-4291-A8BF-AADFCA1BF085}.Release|Any CPU.Build.0 = Release|Any CPU
	EndGlobalSection
	GlobalSection(SolutionProperties) = preSolution
		HideSolutionNode = FALSE
	EndGlobalSection
	GlobalSection(NestedProjects) = preSolution
		{95D2B534-35B5-423D-90B2-3B1549F38EA8} = {577E6D83-AF92-46F7-A50E-D93A38D93249}
		{96ED31A9-CF5B-4291-A8BF-AADFCA1BF085} = {471AC1F7-44D6-4529-9E60-D1C431B95F3D}
	EndGlobalSection
	GlobalSection(ExtensibilityGlobals) = postSolution
		SolutionGuid = {F477E96D-9738-4C79-B46B-C1FAB7FF00A4}
	EndGlobalSection
EndGlobal
