
Microsoft Visual Studio Solution File, Format Version 12.00
# Visual Studio Version 17
VisualStudioVersion = 17.2.32630.192
MinimumVisualStudioVersion = 10.0.40219.1
Project("{2150E333-8FDC-42A3-9474-1A3956D46DE8}") = "FrontEnd", "FrontEnd", "{471AC1F7-44D6-4529-9E60-D1C431B95F3D}"
EndProject
Project("{2150E333-8FDC-42A3-9474-1A3956D46DE8}") = "Services", "Services", "{577E6D83-AF92-46F7-A50E-D93A38D93249}"
EndProject
Project("{9A19103F-16F7-4668-BE54-9A1E7A4F7556}") = "GeekShopping.ProductAPI", "GeekShopping.ProductAPI\GeekShopping.ProductAPI.csproj", "{95D2B534-35B5-423D-90B2-3B1549F38EA8}"
EndProject
Project("{9A19103F-16F7-4668-BE54-9A1E7A4F7556}") = "GeekShopping.Web", "GeekShopping.Web\GeekShopping.Web.csproj", "{96ED31A9-CF5B-4291-A8BF-AADFCA1BF085}"
EndProject
Project("{9A19103F-16F7-4668-BE54-9A1E7A4F7556}") = "GeekShopping.IdentityServer", "GeekShopping.IdentityServer\GeekShopping.IdentityServer.csproj", "{A79058FB-13C9-4E2B-814F-72A821F86226}"
EndProject
Project("{9A19103F-16F7-4668-BE54-9A1E7A4F7556}") = "GeekShopping.CartAPI", "GeekShopping.CartAPI\GeekShopping.CartAPI.csproj", "{8978C016-4B13-44EB-838B-6E530675F232}"
EndProject
Project("{9A19103F-16F7-4668-BE54-9A1E7A4F7556}") = "GeekShopping.CouponAPI", "GeekShopping.CouponAPI\GeekShopping.CouponAPI.csproj", "{14D2DEEE-B9B6-4A1F-88F4-73EA9E09CD19}"
EndProject
Project("{2150E333-8FDC-42A3-9474-1A3956D46DE8}") = "Integration", "Integration", "{572D5B00-ED1A-4D30-BF8C-6A6531F607B2}"
EndProject
Project("{9A19103F-16F7-4668-BE54-9A1E7A4F7556}") = "GeekShopping.MessageBus", "GeekShopping.MessageBus\GeekShopping.MessageBus.csproj", "{A5B0D0E2-4404-49C3-B43D-5EA558074DC8}"
EndProject
Project("{9A19103F-16F7-4668-BE54-9A1E7A4F7556}") = "GeekShopping.OrderAPI", "GeekShopping.OrderAPI\GeekShopping.OrderAPI.csproj", "{F5EE72E8-CD50-449A-A39A-8BAA8BCDAAD1}"
EndProject
Project("{2150E333-8FDC-42A3-9474-1A3956D46DE8}") = "Payments", "Payments", "{34B94F18-CF1C-4F72-A99A-4D86F335D603}"
EndProject
Project("{FAE04EC0-301F-11D3-BF4B-00C04F79EFBC}") = "GeekShopping.PaymentProcessor", "GeekShopping.PaymentProcessor\GeekShopping.PaymentProcessor.csproj", "{815A2A25-57FE-45B5-B120-DCCC3062DE7B}"
EndProject
Project("{FAE04EC0-301F-11D3-BF4B-00C04F79EFBC}") = "GeekShopping.PaymentAPI", "GeekShopping.PaymentAPI\GeekShopping.PaymentAPI.csproj", "{6E3BFC55-8299-43A0-84D6-11857EC794AD}"
EndProject
Global
	GlobalSection(SolutionConfigurationPlatforms) = preSolution
		Debug|Any CPU = Debug|Any CPU
		Release|Any CPU = Release|Any CPU
	EndGlobalSection
	GlobalSection(ProjectConfigurationPlatforms) = postSolution
		{95D2B534-35B5-423D-90B2-3B1549F38EA8}.Debug|Any CPU.ActiveCfg = Debug|Any CPU
		{95D2B534-35B5-423D-90B2-3B1549F38EA8}.Debug|Any CPU.Build.0 = Debug|Any CPU
		{95D2B534-35B5-423D-90B2-3B1549F38EA8}.Release|Any CPU.ActiveCfg = Release|Any CPU
		{95D2B534-35B5-423D-90B2-3B1549F38EA8}.Release|Any CPU.Build.0 = Release|Any CPU
		{96ED31A9-CF5B-4291-A8BF-AADFCA1BF085}.Debug|Any CPU.ActiveCfg = Debug|Any CPU
		{96ED31A9-CF5B-4291-A8BF-AADFCA1BF085}.Debug|Any CPU.Build.0 = Debug|Any CPU
		{96ED31A9-CF5B-4291-A8BF-AADFCA1BF085}.Release|Any CPU.ActiveCfg = Release|Any CPU
		{96ED31A9-CF5B-4291-A8BF-AADFCA1BF085}.Release|Any CPU.Build.0 = Release|Any CPU
		{A79058FB-13C9-4E2B-814F-72A821F86226}.Debug|Any CPU.ActiveCfg = Debug|Any CPU
		{A79058FB-13C9-4E2B-814F-72A821F86226}.Debug|Any CPU.Build.0 = Debug|Any CPU
		{A79058FB-13C9-4E2B-814F-72A821F86226}.Release|Any CPU.ActiveCfg = Release|Any CPU
		{A79058FB-13C9-4E2B-814F-72A821F86226}.Release|Any CPU.Build.0 = Release|Any CPU
		{8978C016-4B13-44EB-838B-6E530675F232}.Debug|Any CPU.ActiveCfg = Debug|Any CPU
		{8978C016-4B13-44EB-838B-6E530675F232}.Debug|Any CPU.Build.0 = Debug|Any CPU
		{8978C016-4B13-44EB-838B-6E530675F232}.Release|Any CPU.ActiveCfg = Release|Any CPU
		{8978C016-4B13-44EB-838B-6E530675F232}.Release|Any CPU.Build.0 = Release|Any CPU
		{14D2DEEE-B9B6-4A1F-88F4-73EA9E09CD19}.Debug|Any CPU.ActiveCfg = Debug|Any CPU
		{14D2DEEE-B9B6-4A1F-88F4-73EA9E09CD19}.Debug|Any CPU.Build.0 = Debug|Any CPU
		{14D2DEEE-B9B6-4A1F-88F4-73EA9E09CD19}.Release|Any CPU.ActiveCfg = Release|Any CPU
		{14D2DEEE-B9B6-4A1F-88F4-73EA9E09CD19}.Release|Any CPU.Build.0 = Release|Any CPU
		{A5B0D0E2-4404-49C3-B43D-5EA558074DC8}.Debug|Any CPU.ActiveCfg = Debug|Any CPU
		{A5B0D0E2-4404-49C3-B43D-5EA558074DC8}.Debug|Any CPU.Build.0 = Debug|Any CPU
		{A5B0D0E2-4404-49C3-B43D-5EA558074DC8}.Release|Any CPU.ActiveCfg = Release|Any CPU
		{A5B0D0E2-4404-49C3-B43D-5EA558074DC8}.Release|Any CPU.Build.0 = Release|Any CPU
		{F5EE72E8-CD50-449A-A39A-8BAA8BCDAAD1}.Debug|Any CPU.ActiveCfg = Debug|Any CPU
		{F5EE72E8-CD50-449A-A39A-8BAA8BCDAAD1}.Debug|Any CPU.Build.0 = Debug|Any CPU
		{F5EE72E8-CD50-449A-A39A-8BAA8BCDAAD1}.Release|Any CPU.ActiveCfg = Release|Any CPU
		{F5EE72E8-CD50-449A-A39A-8BAA8BCDAAD1}.Release|Any CPU.Build.0 = Release|Any CPU
		{815A2A25-57FE-45B5-B120-DCCC3062DE7B}.Debug|Any CPU.ActiveCfg = Debug|Any CPU
		{815A2A25-57FE-45B5-B120-DCCC3062DE7B}.Debug|Any CPU.Build.0 = Debug|Any CPU
		{815A2A25-57FE-45B5-B120-DCCC3062DE7B}.Release|Any CPU.ActiveCfg = Release|Any CPU
		{815A2A25-57FE-45B5-B120-DCCC3062DE7B}.Release|Any CPU.Build.0 = Release|Any CPU
		{6E3BFC55-8299-43A0-84D6-11857EC794AD}.Debug|Any CPU.ActiveCfg = Debug|Any CPU
		{6E3BFC55-8299-43A0-84D6-11857EC794AD}.Debug|Any CPU.Build.0 = Debug|Any CPU
		{6E3BFC55-8299-43A0-84D6-11857EC794AD}.Release|Any CPU.ActiveCfg = Release|Any CPU
		{6E3BFC55-8299-43A0-84D6-11857EC794AD}.Release|Any CPU.Build.0 = Release|Any CPU
	EndGlobalSection
	GlobalSection(SolutionProperties) = preSolution
		HideSolutionNode = FALSE
	EndGlobalSection
	GlobalSection(NestedProjects) = preSolution
		{95D2B534-35B5-423D-90B2-3B1549F38EA8} = {577E6D83-AF92-46F7-A50E-D93A38D93249}
		{96ED31A9-CF5B-4291-A8BF-AADFCA1BF085} = {471AC1F7-44D6-4529-9E60-D1C431B95F3D}
		{A79058FB-13C9-4E2B-814F-72A821F86226} = {577E6D83-AF92-46F7-A50E-D93A38D93249}
		{8978C016-4B13-44EB-838B-6E530675F232} = {577E6D83-AF92-46F7-A50E-D93A38D93249}
		{14D2DEEE-B9B6-4A1F-88F4-73EA9E09CD19} = {577E6D83-AF92-46F7-A50E-D93A38D93249}
		{A5B0D0E2-4404-49C3-B43D-5EA558074DC8} = {572D5B00-ED1A-4D30-BF8C-6A6531F607B2}
		{F5EE72E8-CD50-449A-A39A-8BAA8BCDAAD1} = {577E6D83-AF92-46F7-A50E-D93A38D93249}
		{815A2A25-57FE-45B5-B120-DCCC3062DE7B} = {34B94F18-CF1C-4F72-A99A-4D86F335D603}
		{6E3BFC55-8299-43A0-84D6-11857EC794AD} = {577E6D83-AF92-46F7-A50E-D93A38D93249}
	EndGlobalSection
	GlobalSection(ExtensibilityGlobals) = postSolution
		SolutionGuid = {F477E96D-9738-4C79-B46B-C1FAB7FF00A4}
	EndGlobalSection
EndGlobal
